
Microsoft Visual Studio Solution File, Format Version 12.00
# Visual Studio Version 17
VisualStudioVersion = 17.5.33414.496
MinimumVisualStudioVersion = 10.0.40219.1
Project("{FAE04EC0-301F-11D3-BF4B-00C04F79EFBC}") = "1.Histogram", "Histogram\1.Histogram.csproj", "{C981110F-C62B-4F29-A9BF-0DD893BF6F3F}"
EndProject
Project("{FAE04EC0-301F-11D3-BF4B-00C04F79EFBC}") = "3.Diego", "3.Diego\3.Diego.csproj", "{71B0771C-D368-467B-9765-293F1D4586C1}"
EndProject
Project("{FAE04EC0-301F-11D3-BF4B-00C04F79EFBC}") = "4.Test", "4.Test\4.Test.csproj", "{0B5485F3-C95F-4C08-A657-1E1CD4471A12}"
EndProject
Project("{FAE04EC0-301F-11D3-BF4B-00C04F79EFBC}") = "5.GoodString", "5.GoodString\5.GoodString.csproj", "{58E85A72-336A-4CEB-ADCC-BECFEF5481A6}"
EndProject
Global
	GlobalSection(SolutionConfigurationPlatforms) = preSolution
		Debug|Any CPU = Debug|Any CPU
		Release|Any CPU = Release|Any CPU
	EndGlobalSection
	GlobalSection(ProjectConfigurationPlatforms) = postSolution
		{C981110F-C62B-4F29-A9BF-0DD893BF6F3F}.Debug|Any CPU.ActiveCfg = Debug|Any CPU
		{C981110F-C62B-4F29-A9BF-0DD893BF6F3F}.Debug|Any CPU.Build.0 = Debug|Any CPU
		{C981110F-C62B-4F29-A9BF-0DD893BF6F3F}.Release|Any CPU.ActiveCfg = Release|Any CPU
		{C981110F-C62B-4F29-A9BF-0DD893BF6F3F}.Release|Any CPU.Build.0 = Release|Any CPU
		{71B0771C-D368-467B-9765-293F1D4586C1}.Debug|Any CPU.ActiveCfg = Debug|Any CPU
		{71B0771C-D368-467B-9765-293F1D4586C1}.Debug|Any CPU.Build.0 = Debug|Any CPU
		{71B0771C-D368-467B-9765-293F1D4586C1}.Release|Any CPU.ActiveCfg = Release|Any CPU
		{71B0771C-D368-467B-9765-293F1D4586C1}.Release|Any CPU.Build.0 = Release|Any CPU
		{0B5485F3-C95F-4C08-A657-1E1CD4471A12}.Debug|Any CPU.ActiveCfg = Debug|Any CPU
		{0B5485F3-C95F-4C08-A657-1E1CD4471A12}.Debug|Any CPU.Build.0 = Debug|Any CPU
		{0B5485F3-C95F-4C08-A657-1E1CD4471A12}.Release|Any CPU.ActiveCfg = Release|Any CPU
		{0B5485F3-C95F-4C08-A657-1E1CD4471A12}.Release|Any CPU.Build.0 = Release|Any CPU
		{58E85A72-336A-4CEB-ADCC-BECFEF5481A6}.Debug|Any CPU.ActiveCfg = Debug|Any CPU
		{58E85A72-336A-4CEB-ADCC-BECFEF5481A6}.Debug|Any CPU.Build.0 = Debug|Any CPU
		{58E85A72-336A-4CEB-ADCC-BECFEF5481A6}.Release|Any CPU.ActiveCfg = Release|Any CPU
		{58E85A72-336A-4CEB-ADCC-BECFEF5481A6}.Release|Any CPU.Build.0 = Release|Any CPU
	EndGlobalSection
	GlobalSection(SolutionProperties) = preSolution
		HideSolutionNode = FALSE
	EndGlobalSection
	GlobalSection(ExtensibilityGlobals) = postSolution
		SolutionGuid = {BECEA1AA-6FDC-4CAE-AB46-96E975E90EEA}
	EndGlobalSection
EndGlobal
