
Microsoft Visual Studio Solution File, Format Version 12.00
# Visual Studio Version 17
VisualStudioVersion = 17.5.33414.496
MinimumVisualStudioVersion = 10.0.40219.1
Project("{9A19103F-16F7-4668-BE54-9A1E7A4F7556}") = "1.Histogram", "Histogram\1.Histogram.csproj", "{C981110F-C62B-4F29-A9BF-0DD893BF6F3F}"
EndProject
Project("{9A19103F-16F7-4668-BE54-9A1E7A4F7556}") = "3.Diego", "3.Diego\3.Diego.csproj", "{71B0771C-D368-467B-9765-293F1D4586C1}"
EndProject
Project("{9A19103F-16F7-4668-BE54-9A1E7A4F7556}") = "4.Test", "4.Test\4.Test.csproj", "{0B5485F3-C95F-4C08-A657-1E1CD4471A12}"
EndProject
Project("{9A19103F-16F7-4668-BE54-9A1E7A4F7556}") = "5.GoodString", "5.GoodString\5.GoodString.csproj", "{58E85A72-336A-4CEB-ADCC-BECFEF5481A6}"
EndProject
Project("{9A19103F-16F7-4668-BE54-9A1E7A4F7556}") = "6.OperatingSystem", "6.OperatingSystem\6.OperatingSystem.csproj", "{10E2D180-6AB3-4CAB-9B26-5E6577A82EC9}"
EndProject
Project("{9A19103F-16F7-4668-BE54-9A1E7A4F7556}") = "7.SNTP", "7.SNTP\7.SNTP.csproj", "{01039D53-6A2F-4D6D-8DCD-C4A3A96F4C3A}"
EndProject
Project("{9A19103F-16F7-4668-BE54-9A1E7A4F7556}") = "8.MinimalRectangle", "8.MinimalRectangle\8.MinimalRectangle.csproj", "{CAE09CC8-E687-427D-9538-BFE1629639BF}"
EndProject
Project("{9A19103F-16F7-4668-BE54-9A1E7A4F7556}") = "9.SumInRectangle", "9.SumInRectangle\9.SumInRectangle.csproj", "{6BC1626A-36F7-4C4C-8A6B-405DB60EDD92}"
EndProject
Project("{9A19103F-16F7-4668-BE54-9A1E7A4F7556}") = "10.BoringLection", "10.BoringLection\10.BoringLection.csproj", "{095F0B4E-C643-43D2-ABE9-1ADA077316CD}"
EndProject
Project("{9A19103F-16F7-4668-BE54-9A1E7A4F7556}") = "2.PrettyString", "2.PrettyString\2.PrettyString.csproj", "{61D087C6-5C35-41B3-A5E8-0C8B2A01DA18}"
EndProject
Project("{9A19103F-16F7-4668-BE54-9A1E7A4F7556}") = "11.Stack", "11.Stack\11.Stack.csproj", "{2799412C-24B1-4E88-A438-972152B9783A}"
EndProject
Project("{9A19103F-16F7-4668-BE54-9A1E7A4F7556}") = "12.Brackets", "12.Brackets\12.Brackets.csproj", "{279D0D71-A9B4-4113-9CF2-11B953478A36}"
EndProject
Project("{9A19103F-16F7-4668-BE54-9A1E7A4F7556}") = "13.PostfixRecord", "13.PostfixRecord\13.PostfixRecord.csproj", "{CDA2412C-8E96-4150-8440-D145BF9797B9}"
EndProject
Project("{9A19103F-16F7-4668-BE54-9A1E7A4F7556}") = "14.TrainSort", "14.TrainSort\14.TrainSort.csproj", "{6395CB5B-BC77-4634-B2F2-C96A6DD2205B}"
EndProject
Project("{9A19103F-16F7-4668-BE54-9A1E7A4F7556}") = "15.LinlandResettlement", "15.LinlandResettlement\15.LinlandResettlement.csproj", "{9CB95D07-A47E-463D-B019-2A6AE96B973D}"
EndProject
Project("{9A19103F-16F7-4668-BE54-9A1E7A4F7556}") = "16.Queue", "16.Queue\16.Queue.csproj", "{291C6227-5179-42DB-8C40-A3E32B4868A7}"
EndProject
Project("{9A19103F-16F7-4668-BE54-9A1E7A4F7556}") = "17.Pianica", "17.Pianica\17.Pianica.csproj", "{7939F15F-388A-4E81-906B-4B13C3BBC7CE}"
EndProject
Project("{9A19103F-16F7-4668-BE54-9A1E7A4F7556}") = "18.Deque", "18.Deque\18.Deque.csproj", "{ABCD59AD-55ED-4CB0-AC7E-51CEB299D2DB}"
EndProject
Project("{9A19103F-16F7-4668-BE54-9A1E7A4F7556}") = "19.Heap", "19.Heap\19.Heap.csproj", "{4CCC3601-7CBF-4203-8DF3-97DE2B4FB723}"
EndProject
Project("{9A19103F-16F7-4668-BE54-9A1E7A4F7556}") = "Final.A", "Final.A\Final.A.csproj", "{527194BB-AD4A-4E6A-89DC-B6F71403DB1C}"
EndProject
Project("{9A19103F-16F7-4668-BE54-9A1E7A4F7556}") = "Final.C", "Final.C\Final.C.csproj", "{5CC9F2DE-D067-441A-BF3F-8228BBC99913}"
EndProject
Project("{9A19103F-16F7-4668-BE54-9A1E7A4F7556}") = "20.HeapSort", "20.HeapSort\20.HeapSort.csproj", "{9D5BAF66-6C6B-4072-A3F6-7191CC4C3DD7}"
EndProject
Project("{9A19103F-16F7-4668-BE54-9A1E7A4F7556}") = "21.ThreeConsecutiveOnes", "21.ThreeConsecutiveOnes\21.ThreeConsecutiveOnes.csproj", "{09696F4F-CE66-468C-BD29-8E9A0ACFCB13}"
EndProject
Project("{FAE04EC0-301F-11D3-BF4B-00C04F79EFBC}") = "22.Grasshopper", "22.Grasshopper\22.Grasshopper.csproj", "{ED51F2FC-9F7F-4A31-96C1-E71C4D443D3B}"
EndProject
Global
	GlobalSection(SolutionConfigurationPlatforms) = preSolution
		Debug|Any CPU = Debug|Any CPU
		Release|Any CPU = Release|Any CPU
	EndGlobalSection
	GlobalSection(ProjectConfigurationPlatforms) = postSolution
		{C981110F-C62B-4F29-A9BF-0DD893BF6F3F}.Debug|Any CPU.ActiveCfg = Debug|Any CPU
		{C981110F-C62B-4F29-A9BF-0DD893BF6F3F}.Debug|Any CPU.Build.0 = Debug|Any CPU
		{C981110F-C62B-4F29-A9BF-0DD893BF6F3F}.Release|Any CPU.ActiveCfg = Release|Any CPU
		{C981110F-C62B-4F29-A9BF-0DD893BF6F3F}.Release|Any CPU.Build.0 = Release|Any CPU
		{71B0771C-D368-467B-9765-293F1D4586C1}.Debug|Any CPU.ActiveCfg = Debug|Any CPU
		{71B0771C-D368-467B-9765-293F1D4586C1}.Debug|Any CPU.Build.0 = Debug|Any CPU
		{71B0771C-D368-467B-9765-293F1D4586C1}.Release|Any CPU.ActiveCfg = Release|Any CPU
		{71B0771C-D368-467B-9765-293F1D4586C1}.Release|Any CPU.Build.0 = Release|Any CPU
		{0B5485F3-C95F-4C08-A657-1E1CD4471A12}.Debug|Any CPU.ActiveCfg = Debug|Any CPU
		{0B5485F3-C95F-4C08-A657-1E1CD4471A12}.Debug|Any CPU.Build.0 = Debug|Any CPU
		{0B5485F3-C95F-4C08-A657-1E1CD4471A12}.Release|Any CPU.ActiveCfg = Release|Any CPU
		{0B5485F3-C95F-4C08-A657-1E1CD4471A12}.Release|Any CPU.Build.0 = Release|Any CPU
		{58E85A72-336A-4CEB-ADCC-BECFEF5481A6}.Debug|Any CPU.ActiveCfg = Debug|Any CPU
		{58E85A72-336A-4CEB-ADCC-BECFEF5481A6}.Debug|Any CPU.Build.0 = Debug|Any CPU
		{58E85A72-336A-4CEB-ADCC-BECFEF5481A6}.Release|Any CPU.ActiveCfg = Release|Any CPU
		{58E85A72-336A-4CEB-ADCC-BECFEF5481A6}.Release|Any CPU.Build.0 = Release|Any CPU
		{10E2D180-6AB3-4CAB-9B26-5E6577A82EC9}.Debug|Any CPU.ActiveCfg = Debug|Any CPU
		{10E2D180-6AB3-4CAB-9B26-5E6577A82EC9}.Debug|Any CPU.Build.0 = Debug|Any CPU
		{10E2D180-6AB3-4CAB-9B26-5E6577A82EC9}.Release|Any CPU.ActiveCfg = Release|Any CPU
		{10E2D180-6AB3-4CAB-9B26-5E6577A82EC9}.Release|Any CPU.Build.0 = Release|Any CPU
		{01039D53-6A2F-4D6D-8DCD-C4A3A96F4C3A}.Debug|Any CPU.ActiveCfg = Debug|Any CPU
		{01039D53-6A2F-4D6D-8DCD-C4A3A96F4C3A}.Debug|Any CPU.Build.0 = Debug|Any CPU
		{01039D53-6A2F-4D6D-8DCD-C4A3A96F4C3A}.Release|Any CPU.ActiveCfg = Release|Any CPU
		{01039D53-6A2F-4D6D-8DCD-C4A3A96F4C3A}.Release|Any CPU.Build.0 = Release|Any CPU
		{CAE09CC8-E687-427D-9538-BFE1629639BF}.Debug|Any CPU.ActiveCfg = Debug|Any CPU
		{CAE09CC8-E687-427D-9538-BFE1629639BF}.Debug|Any CPU.Build.0 = Debug|Any CPU
		{CAE09CC8-E687-427D-9538-BFE1629639BF}.Release|Any CPU.ActiveCfg = Release|Any CPU
		{CAE09CC8-E687-427D-9538-BFE1629639BF}.Release|Any CPU.Build.0 = Release|Any CPU
		{6BC1626A-36F7-4C4C-8A6B-405DB60EDD92}.Debug|Any CPU.ActiveCfg = Debug|Any CPU
		{6BC1626A-36F7-4C4C-8A6B-405DB60EDD92}.Debug|Any CPU.Build.0 = Debug|Any CPU
		{6BC1626A-36F7-4C4C-8A6B-405DB60EDD92}.Release|Any CPU.ActiveCfg = Release|Any CPU
		{6BC1626A-36F7-4C4C-8A6B-405DB60EDD92}.Release|Any CPU.Build.0 = Release|Any CPU
		{095F0B4E-C643-43D2-ABE9-1ADA077316CD}.Debug|Any CPU.ActiveCfg = Debug|Any CPU
		{095F0B4E-C643-43D2-ABE9-1ADA077316CD}.Debug|Any CPU.Build.0 = Debug|Any CPU
		{095F0B4E-C643-43D2-ABE9-1ADA077316CD}.Release|Any CPU.ActiveCfg = Release|Any CPU
		{095F0B4E-C643-43D2-ABE9-1ADA077316CD}.Release|Any CPU.Build.0 = Release|Any CPU
		{61D087C6-5C35-41B3-A5E8-0C8B2A01DA18}.Debug|Any CPU.ActiveCfg = Debug|Any CPU
		{61D087C6-5C35-41B3-A5E8-0C8B2A01DA18}.Debug|Any CPU.Build.0 = Debug|Any CPU
		{61D087C6-5C35-41B3-A5E8-0C8B2A01DA18}.Release|Any CPU.ActiveCfg = Release|Any CPU
		{61D087C6-5C35-41B3-A5E8-0C8B2A01DA18}.Release|Any CPU.Build.0 = Release|Any CPU
		{2799412C-24B1-4E88-A438-972152B9783A}.Debug|Any CPU.ActiveCfg = Debug|Any CPU
		{2799412C-24B1-4E88-A438-972152B9783A}.Debug|Any CPU.Build.0 = Debug|Any CPU
		{2799412C-24B1-4E88-A438-972152B9783A}.Release|Any CPU.ActiveCfg = Release|Any CPU
		{2799412C-24B1-4E88-A438-972152B9783A}.Release|Any CPU.Build.0 = Release|Any CPU
		{279D0D71-A9B4-4113-9CF2-11B953478A36}.Debug|Any CPU.ActiveCfg = Debug|Any CPU
		{279D0D71-A9B4-4113-9CF2-11B953478A36}.Debug|Any CPU.Build.0 = Debug|Any CPU
		{279D0D71-A9B4-4113-9CF2-11B953478A36}.Release|Any CPU.ActiveCfg = Release|Any CPU
		{279D0D71-A9B4-4113-9CF2-11B953478A36}.Release|Any CPU.Build.0 = Release|Any CPU
		{CDA2412C-8E96-4150-8440-D145BF9797B9}.Debug|Any CPU.ActiveCfg = Debug|Any CPU
		{CDA2412C-8E96-4150-8440-D145BF9797B9}.Debug|Any CPU.Build.0 = Debug|Any CPU
		{CDA2412C-8E96-4150-8440-D145BF9797B9}.Release|Any CPU.ActiveCfg = Release|Any CPU
		{CDA2412C-8E96-4150-8440-D145BF9797B9}.Release|Any CPU.Build.0 = Release|Any CPU
		{6395CB5B-BC77-4634-B2F2-C96A6DD2205B}.Debug|Any CPU.ActiveCfg = Debug|Any CPU
		{6395CB5B-BC77-4634-B2F2-C96A6DD2205B}.Debug|Any CPU.Build.0 = Debug|Any CPU
		{6395CB5B-BC77-4634-B2F2-C96A6DD2205B}.Release|Any CPU.ActiveCfg = Release|Any CPU
		{6395CB5B-BC77-4634-B2F2-C96A6DD2205B}.Release|Any CPU.Build.0 = Release|Any CPU
		{9CB95D07-A47E-463D-B019-2A6AE96B973D}.Debug|Any CPU.ActiveCfg = Debug|Any CPU
		{9CB95D07-A47E-463D-B019-2A6AE96B973D}.Debug|Any CPU.Build.0 = Debug|Any CPU
		{9CB95D07-A47E-463D-B019-2A6AE96B973D}.Release|Any CPU.ActiveCfg = Release|Any CPU
		{9CB95D07-A47E-463D-B019-2A6AE96B973D}.Release|Any CPU.Build.0 = Release|Any CPU
		{291C6227-5179-42DB-8C40-A3E32B4868A7}.Debug|Any CPU.ActiveCfg = Debug|Any CPU
		{291C6227-5179-42DB-8C40-A3E32B4868A7}.Debug|Any CPU.Build.0 = Debug|Any CPU
		{291C6227-5179-42DB-8C40-A3E32B4868A7}.Release|Any CPU.ActiveCfg = Release|Any CPU
		{291C6227-5179-42DB-8C40-A3E32B4868A7}.Release|Any CPU.Build.0 = Release|Any CPU
		{7939F15F-388A-4E81-906B-4B13C3BBC7CE}.Debug|Any CPU.ActiveCfg = Debug|Any CPU
		{7939F15F-388A-4E81-906B-4B13C3BBC7CE}.Debug|Any CPU.Build.0 = Debug|Any CPU
		{7939F15F-388A-4E81-906B-4B13C3BBC7CE}.Release|Any CPU.ActiveCfg = Release|Any CPU
		{7939F15F-388A-4E81-906B-4B13C3BBC7CE}.Release|Any CPU.Build.0 = Release|Any CPU
		{ABCD59AD-55ED-4CB0-AC7E-51CEB299D2DB}.Debug|Any CPU.ActiveCfg = Debug|Any CPU
		{ABCD59AD-55ED-4CB0-AC7E-51CEB299D2DB}.Debug|Any CPU.Build.0 = Debug|Any CPU
		{ABCD59AD-55ED-4CB0-AC7E-51CEB299D2DB}.Release|Any CPU.ActiveCfg = Release|Any CPU
		{ABCD59AD-55ED-4CB0-AC7E-51CEB299D2DB}.Release|Any CPU.Build.0 = Release|Any CPU
		{4CCC3601-7CBF-4203-8DF3-97DE2B4FB723}.Debug|Any CPU.ActiveCfg = Debug|Any CPU
		{4CCC3601-7CBF-4203-8DF3-97DE2B4FB723}.Debug|Any CPU.Build.0 = Debug|Any CPU
		{4CCC3601-7CBF-4203-8DF3-97DE2B4FB723}.Release|Any CPU.ActiveCfg = Release|Any CPU
		{4CCC3601-7CBF-4203-8DF3-97DE2B4FB723}.Release|Any CPU.Build.0 = Release|Any CPU
		{527194BB-AD4A-4E6A-89DC-B6F71403DB1C}.Debug|Any CPU.ActiveCfg = Debug|Any CPU
		{527194BB-AD4A-4E6A-89DC-B6F71403DB1C}.Debug|Any CPU.Build.0 = Debug|Any CPU
		{527194BB-AD4A-4E6A-89DC-B6F71403DB1C}.Release|Any CPU.ActiveCfg = Release|Any CPU
		{527194BB-AD4A-4E6A-89DC-B6F71403DB1C}.Release|Any CPU.Build.0 = Release|Any CPU
		{5CC9F2DE-D067-441A-BF3F-8228BBC99913}.Debug|Any CPU.ActiveCfg = Debug|Any CPU
		{5CC9F2DE-D067-441A-BF3F-8228BBC99913}.Debug|Any CPU.Build.0 = Debug|Any CPU
		{5CC9F2DE-D067-441A-BF3F-8228BBC99913}.Release|Any CPU.ActiveCfg = Release|Any CPU
		{5CC9F2DE-D067-441A-BF3F-8228BBC99913}.Release|Any CPU.Build.0 = Release|Any CPU
		{9D5BAF66-6C6B-4072-A3F6-7191CC4C3DD7}.Debug|Any CPU.ActiveCfg = Debug|Any CPU
		{9D5BAF66-6C6B-4072-A3F6-7191CC4C3DD7}.Debug|Any CPU.Build.0 = Debug|Any CPU
		{9D5BAF66-6C6B-4072-A3F6-7191CC4C3DD7}.Release|Any CPU.ActiveCfg = Release|Any CPU
		{9D5BAF66-6C6B-4072-A3F6-7191CC4C3DD7}.Release|Any CPU.Build.0 = Release|Any CPU
		{09696F4F-CE66-468C-BD29-8E9A0ACFCB13}.Debug|Any CPU.ActiveCfg = Debug|Any CPU
		{09696F4F-CE66-468C-BD29-8E9A0ACFCB13}.Debug|Any CPU.Build.0 = Debug|Any CPU
		{09696F4F-CE66-468C-BD29-8E9A0ACFCB13}.Release|Any CPU.ActiveCfg = Release|Any CPU
		{09696F4F-CE66-468C-BD29-8E9A0ACFCB13}.Release|Any CPU.Build.0 = Release|Any CPU
		{ED51F2FC-9F7F-4A31-96C1-E71C4D443D3B}.Debug|Any CPU.ActiveCfg = Debug|Any CPU
		{ED51F2FC-9F7F-4A31-96C1-E71C4D443D3B}.Debug|Any CPU.Build.0 = Debug|Any CPU
		{ED51F2FC-9F7F-4A31-96C1-E71C4D443D3B}.Release|Any CPU.ActiveCfg = Release|Any CPU
		{ED51F2FC-9F7F-4A31-96C1-E71C4D443D3B}.Release|Any CPU.Build.0 = Release|Any CPU
	EndGlobalSection
	GlobalSection(SolutionProperties) = preSolution
		HideSolutionNode = FALSE
	EndGlobalSection
	GlobalSection(ExtensibilityGlobals) = postSolution
		SolutionGuid = {BECEA1AA-6FDC-4CAE-AB46-96E975E90EEA}
	EndGlobalSection
EndGlobal
